
Microsoft Visual Studio Solution File, Format Version 12.00
# Visual Studio 15
VisualStudioVersion = 15.0.26730.12
MinimumVisualStudioVersion = 10.0.40219.1
Project("{FAE04EC0-301F-11D3-BF4B-00C04F79EFBC}") = "Practica_2.Android", "Practica_2\Practica_2.Android\Practica_2.Android.csproj", "{1213594A-0175-49A1-BD27-DCD9CDED6832}"
EndProject
Project("{FAE04EC0-301F-11D3-BF4B-00C04F79EFBC}") = "Practica_2", "Practica_2\Practica_2\Practica_2.csproj", "{B555D908-1DFA-4713-8330-30B623AF0FD4}"
EndProject
Project("{FAE04EC0-301F-11D3-BF4B-00C04F79EFBC}") = "Practica_2.UWP", "Practica_2\Practica_2.UWP\Practica_2.UWP.csproj", "{13D278C0-3759-45FF-97C9-CB509562DE2D}"
EndProject
Project("{FAE04EC0-301F-11D3-BF4B-00C04F79EFBC}") = "Practica_2.iOS", "Practica_2\Practica_2.iOS\Practica_2.iOS.csproj", "{B48A8B9D-1CD5-470D-9C68-14DFBFCCD345}"
EndProject
Global
	GlobalSection(SolutionConfigurationPlatforms) = preSolution
		Ad-Hoc|Any CPU = Ad-Hoc|Any CPU
		Ad-Hoc|ARM = Ad-Hoc|ARM
		Ad-Hoc|iPhone = Ad-Hoc|iPhone
		Ad-Hoc|iPhoneSimulator = Ad-Hoc|iPhoneSimulator
		Ad-Hoc|x64 = Ad-Hoc|x64
		Ad-Hoc|x86 = Ad-Hoc|x86
		AppStore|Any CPU = AppStore|Any CPU
		AppStore|ARM = AppStore|ARM
		AppStore|iPhone = AppStore|iPhone
		AppStore|iPhoneSimulator = AppStore|iPhoneSimulator
		AppStore|x64 = AppStore|x64
		AppStore|x86 = AppStore|x86
		Debug|Any CPU = Debug|Any CPU
		Debug|ARM = Debug|ARM
		Debug|iPhone = Debug|iPhone
		Debug|iPhoneSimulator = Debug|iPhoneSimulator
		Debug|x64 = Debug|x64
		Debug|x86 = Debug|x86
		Release|Any CPU = Release|Any CPU
		Release|ARM = Release|ARM
		Release|iPhone = Release|iPhone
		Release|iPhoneSimulator = Release|iPhoneSimulator
		Release|x64 = Release|x64
		Release|x86 = Release|x86
	EndGlobalSection
	GlobalSection(ProjectConfigurationPlatforms) = postSolution
		{1213594A-0175-49A1-BD27-DCD9CDED6832}.Ad-Hoc|Any CPU.ActiveCfg = Release|Any CPU
		{1213594A-0175-49A1-BD27-DCD9CDED6832}.Ad-Hoc|Any CPU.Build.0 = Release|Any CPU
		{1213594A-0175-49A1-BD27-DCD9CDED6832}.Ad-Hoc|Any CPU.Deploy.0 = Release|Any CPU
		{1213594A-0175-49A1-BD27-DCD9CDED6832}.Ad-Hoc|ARM.ActiveCfg = Release|Any CPU
		{1213594A-0175-49A1-BD27-DCD9CDED6832}.Ad-Hoc|ARM.Build.0 = Release|Any CPU
		{1213594A-0175-49A1-BD27-DCD9CDED6832}.Ad-Hoc|ARM.Deploy.0 = Release|Any CPU
		{1213594A-0175-49A1-BD27-DCD9CDED6832}.Ad-Hoc|iPhone.ActiveCfg = Release|Any CPU
		{1213594A-0175-49A1-BD27-DCD9CDED6832}.Ad-Hoc|iPhone.Build.0 = Release|Any CPU
		{1213594A-0175-49A1-BD27-DCD9CDED6832}.Ad-Hoc|iPhone.Deploy.0 = Release|Any CPU
		{1213594A-0175-49A1-BD27-DCD9CDED6832}.Ad-Hoc|iPhoneSimulator.ActiveCfg = Release|Any CPU
		{1213594A-0175-49A1-BD27-DCD9CDED6832}.Ad-Hoc|iPhoneSimulator.Build.0 = Release|Any CPU
		{1213594A-0175-49A1-BD27-DCD9CDED6832}.Ad-Hoc|iPhoneSimulator.Deploy.0 = Release|Any CPU
		{1213594A-0175-49A1-BD27-DCD9CDED6832}.Ad-Hoc|x64.ActiveCfg = Release|Any CPU
		{1213594A-0175-49A1-BD27-DCD9CDED6832}.Ad-Hoc|x64.Build.0 = Release|Any CPU
		{1213594A-0175-49A1-BD27-DCD9CDED6832}.Ad-Hoc|x64.Deploy.0 = Release|Any CPU
		{1213594A-0175-49A1-BD27-DCD9CDED6832}.Ad-Hoc|x86.ActiveCfg = Release|Any CPU
		{1213594A-0175-49A1-BD27-DCD9CDED6832}.Ad-Hoc|x86.Build.0 = Release|Any CPU
		{1213594A-0175-49A1-BD27-DCD9CDED6832}.Ad-Hoc|x86.Deploy.0 = Release|Any CPU
		{1213594A-0175-49A1-BD27-DCD9CDED6832}.AppStore|Any CPU.ActiveCfg = Release|Any CPU
		{1213594A-0175-49A1-BD27-DCD9CDED6832}.AppStore|Any CPU.Build.0 = Release|Any CPU
		{1213594A-0175-49A1-BD27-DCD9CDED6832}.AppStore|Any CPU.Deploy.0 = Release|Any CPU
		{1213594A-0175-49A1-BD27-DCD9CDED6832}.AppStore|ARM.ActiveCfg = Release|Any CPU
		{1213594A-0175-49A1-BD27-DCD9CDED6832}.AppStore|ARM.Build.0 = Release|Any CPU
		{1213594A-0175-49A1-BD27-DCD9CDED6832}.AppStore|ARM.Deploy.0 = Release|Any CPU
		{1213594A-0175-49A1-BD27-DCD9CDED6832}.AppStore|iPhone.ActiveCfg = Release|Any CPU
		{1213594A-0175-49A1-BD27-DCD9CDED6832}.AppStore|iPhone.Build.0 = Release|Any CPU
		{1213594A-0175-49A1-BD27-DCD9CDED6832}.AppStore|iPhone.Deploy.0 = Release|Any CPU
		{1213594A-0175-49A1-BD27-DCD9CDED6832}.AppStore|iPhoneSimulator.ActiveCfg = Release|Any CPU
		{1213594A-0175-49A1-BD27-DCD9CDED6832}.AppStore|iPhoneSimulator.Build.0 = Release|Any CPU
		{1213594A-0175-49A1-BD27-DCD9CDED6832}.AppStore|iPhoneSimulator.Deploy.0 = Release|Any CPU
		{1213594A-0175-49A1-BD27-DCD9CDED6832}.AppStore|x64.ActiveCfg = Release|Any CPU
		{1213594A-0175-49A1-BD27-DCD9CDED6832}.AppStore|x64.Build.0 = Release|Any CPU
		{1213594A-0175-49A1-BD27-DCD9CDED6832}.AppStore|x64.Deploy.0 = Release|Any CPU
		{1213594A-0175-49A1-BD27-DCD9CDED6832}.AppStore|x86.ActiveCfg = Release|Any CPU
		{1213594A-0175-49A1-BD27-DCD9CDED6832}.AppStore|x86.Build.0 = Release|Any CPU
		{1213594A-0175-49A1-BD27-DCD9CDED6832}.AppStore|x86.Deploy.0 = Release|Any CPU
		{1213594A-0175-49A1-BD27-DCD9CDED6832}.Debug|Any CPU.ActiveCfg = Debug|Any CPU
		{1213594A-0175-49A1-BD27-DCD9CDED6832}.Debug|Any CPU.Build.0 = Debug|Any CPU
		{1213594A-0175-49A1-BD27-DCD9CDED6832}.Debug|Any CPU.Deploy.0 = Debug|Any CPU
		{1213594A-0175-49A1-BD27-DCD9CDED6832}.Debug|ARM.ActiveCfg = Debug|Any CPU
		{1213594A-0175-49A1-BD27-DCD9CDED6832}.Debug|ARM.Build.0 = Debug|Any CPU
		{1213594A-0175-49A1-BD27-DCD9CDED6832}.Debug|ARM.Deploy.0 = Debug|Any CPU
		{1213594A-0175-49A1-BD27-DCD9CDED6832}.Debug|iPhone.ActiveCfg = Debug|Any CPU
		{1213594A-0175-49A1-BD27-DCD9CDED6832}.Debug|iPhone.Build.0 = Debug|Any CPU
		{1213594A-0175-49A1-BD27-DCD9CDED6832}.Debug|iPhone.Deploy.0 = Debug|Any CPU
		{1213594A-0175-49A1-BD27-DCD9CDED6832}.Debug|iPhoneSimulator.ActiveCfg = Debug|Any CPU
		{1213594A-0175-49A1-BD27-DCD9CDED6832}.Debug|iPhoneSimulator.Build.0 = Debug|Any CPU
		{1213594A-0175-49A1-BD27-DCD9CDED6832}.Debug|iPhoneSimulator.Deploy.0 = Debug|Any CPU
		{1213594A-0175-49A1-BD27-DCD9CDED6832}.Debug|x64.ActiveCfg = Debug|Any CPU
		{1213594A-0175-49A1-BD27-DCD9CDED6832}.Debug|x64.Build.0 = Debug|Any CPU
		{1213594A-0175-49A1-BD27-DCD9CDED6832}.Debug|x64.Deploy.0 = Debug|Any CPU
		{1213594A-0175-49A1-BD27-DCD9CDED6832}.Debug|x86.ActiveCfg = Debug|Any CPU
		{1213594A-0175-49A1-BD27-DCD9CDED6832}.Debug|x86.Build.0 = Debug|Any CPU
		{1213594A-0175-49A1-BD27-DCD9CDED6832}.Debug|x86.Deploy.0 = Debug|Any CPU
		{1213594A-0175-49A1-BD27-DCD9CDED6832}.Release|Any CPU.ActiveCfg = Release|Any CPU
		{1213594A-0175-49A1-BD27-DCD9CDED6832}.Release|Any CPU.Build.0 = Release|Any CPU
		{1213594A-0175-49A1-BD27-DCD9CDED6832}.Release|Any CPU.Deploy.0 = Release|Any CPU
		{1213594A-0175-49A1-BD27-DCD9CDED6832}.Release|ARM.ActiveCfg = Release|Any CPU
		{1213594A-0175-49A1-BD27-DCD9CDED6832}.Release|ARM.Build.0 = Release|Any CPU
		{1213594A-0175-49A1-BD27-DCD9CDED6832}.Release|ARM.Deploy.0 = Release|Any CPU
		{1213594A-0175-49A1-BD27-DCD9CDED6832}.Release|iPhone.ActiveCfg = Release|Any CPU
		{1213594A-0175-49A1-BD27-DCD9CDED6832}.Release|iPhone.Build.0 = Release|Any CPU
		{1213594A-0175-49A1-BD27-DCD9CDED6832}.Release|iPhone.Deploy.0 = Release|Any CPU
		{1213594A-0175-49A1-BD27-DCD9CDED6832}.Release|iPhoneSimulator.ActiveCfg = Release|Any CPU
		{1213594A-0175-49A1-BD27-DCD9CDED6832}.Release|iPhoneSimulator.Build.0 = Release|Any CPU
		{1213594A-0175-49A1-BD27-DCD9CDED6832}.Release|iPhoneSimulator.Deploy.0 = Release|Any CPU
		{1213594A-0175-49A1-BD27-DCD9CDED6832}.Release|x64.ActiveCfg = Release|Any CPU
		{1213594A-0175-49A1-BD27-DCD9CDED6832}.Release|x64.Build.0 = Release|Any CPU
		{1213594A-0175-49A1-BD27-DCD9CDED6832}.Release|x64.Deploy.0 = Release|Any CPU
		{1213594A-0175-49A1-BD27-DCD9CDED6832}.Release|x86.ActiveCfg = Release|Any CPU
		{1213594A-0175-49A1-BD27-DCD9CDED6832}.Release|x86.Build.0 = Release|Any CPU
		{1213594A-0175-49A1-BD27-DCD9CDED6832}.Release|x86.Deploy.0 = Release|Any CPU
		{B555D908-1DFA-4713-8330-30B623AF0FD4}.Ad-Hoc|Any CPU.ActiveCfg = Release|Any CPU
		{B555D908-1DFA-4713-8330-30B623AF0FD4}.Ad-Hoc|Any CPU.Build.0 = Release|Any CPU
		{B555D908-1DFA-4713-8330-30B623AF0FD4}.Ad-Hoc|ARM.ActiveCfg = Release|Any CPU
		{B555D908-1DFA-4713-8330-30B623AF0FD4}.Ad-Hoc|ARM.Build.0 = Release|Any CPU
		{B555D908-1DFA-4713-8330-30B623AF0FD4}.Ad-Hoc|iPhone.ActiveCfg = Release|Any CPU
		{B555D908-1DFA-4713-8330-30B623AF0FD4}.Ad-Hoc|iPhone.Build.0 = Release|Any CPU
		{B555D908-1DFA-4713-8330-30B623AF0FD4}.Ad-Hoc|iPhoneSimulator.ActiveCfg = Release|Any CPU
		{B555D908-1DFA-4713-8330-30B623AF0FD4}.Ad-Hoc|iPhoneSimulator.Build.0 = Release|Any CPU
		{B555D908-1DFA-4713-8330-30B623AF0FD4}.Ad-Hoc|x64.ActiveCfg = Release|Any CPU
		{B555D908-1DFA-4713-8330-30B623AF0FD4}.Ad-Hoc|x64.Build.0 = Release|Any CPU
		{B555D908-1DFA-4713-8330-30B623AF0FD4}.Ad-Hoc|x86.ActiveCfg = Release|Any CPU
		{B555D908-1DFA-4713-8330-30B623AF0FD4}.Ad-Hoc|x86.Build.0 = Release|Any CPU
		{B555D908-1DFA-4713-8330-30B623AF0FD4}.AppStore|Any CPU.ActiveCfg = Release|Any CPU
		{B555D908-1DFA-4713-8330-30B623AF0FD4}.AppStore|Any CPU.Build.0 = Release|Any CPU
		{B555D908-1DFA-4713-8330-30B623AF0FD4}.AppStore|ARM.ActiveCfg = Release|Any CPU
		{B555D908-1DFA-4713-8330-30B623AF0FD4}.AppStore|ARM.Build.0 = Release|Any CPU
		{B555D908-1DFA-4713-8330-30B623AF0FD4}.AppStore|iPhone.ActiveCfg = Release|Any CPU
		{B555D908-1DFA-4713-8330-30B623AF0FD4}.AppStore|iPhone.Build.0 = Release|Any CPU
		{B555D908-1DFA-4713-8330-30B623AF0FD4}.AppStore|iPhoneSimulator.ActiveCfg = Release|Any CPU
		{B555D908-1DFA-4713-8330-30B623AF0FD4}.AppStore|iPhoneSimulator.Build.0 = Release|Any CPU
		{B555D908-1DFA-4713-8330-30B623AF0FD4}.AppStore|x64.ActiveCfg = Release|Any CPU
		{B555D908-1DFA-4713-8330-30B623AF0FD4}.AppStore|x64.Build.0 = Release|Any CPU
		{B555D908-1DFA-4713-8330-30B623AF0FD4}.AppStore|x86.ActiveCfg = Release|Any CPU
		{B555D908-1DFA-4713-8330-30B623AF0FD4}.AppStore|x86.Build.0 = Release|Any CPU
		{B555D908-1DFA-4713-8330-30B623AF0FD4}.Debug|Any CPU.ActiveCfg = Debug|Any CPU
		{B555D908-1DFA-4713-8330-30B623AF0FD4}.Debug|Any CPU.Build.0 = Debug|Any CPU
		{B555D908-1DFA-4713-8330-30B623AF0FD4}.Debug|ARM.ActiveCfg = Debug|Any CPU
		{B555D908-1DFA-4713-8330-30B623AF0FD4}.Debug|ARM.Build.0 = Debug|Any CPU
		{B555D908-1DFA-4713-8330-30B623AF0FD4}.Debug|iPhone.ActiveCfg = Debug|Any CPU
		{B555D908-1DFA-4713-8330-30B623AF0FD4}.Debug|iPhone.Build.0 = Debug|Any CPU
		{B555D908-1DFA-4713-8330-30B623AF0FD4}.Debug|iPhoneSimulator.ActiveCfg = Debug|Any CPU
		{B555D908-1DFA-4713-8330-30B623AF0FD4}.Debug|iPhoneSimulator.Build.0 = Debug|Any CPU
		{B555D908-1DFA-4713-8330-30B623AF0FD4}.Debug|x64.ActiveCfg = Debug|Any CPU
		{B555D908-1DFA-4713-8330-30B623AF0FD4}.Debug|x64.Build.0 = Debug|Any CPU
		{B555D908-1DFA-4713-8330-30B623AF0FD4}.Debug|x86.ActiveCfg = Debug|Any CPU
		{B555D908-1DFA-4713-8330-30B623AF0FD4}.Debug|x86.Build.0 = Debug|Any CPU
		{B555D908-1DFA-4713-8330-30B623AF0FD4}.Release|Any CPU.ActiveCfg = Release|Any CPU
		{B555D908-1DFA-4713-8330-30B623AF0FD4}.Release|Any CPU.Build.0 = Release|Any CPU
		{B555D908-1DFA-4713-8330-30B623AF0FD4}.Release|ARM.ActiveCfg = Release|Any CPU
		{B555D908-1DFA-4713-8330-30B623AF0FD4}.Release|ARM.Build.0 = Release|Any CPU
		{B555D908-1DFA-4713-8330-30B623AF0FD4}.Release|iPhone.ActiveCfg = Release|Any CPU
		{B555D908-1DFA-4713-8330-30B623AF0FD4}.Release|iPhone.Build.0 = Release|Any CPU
		{B555D908-1DFA-4713-8330-30B623AF0FD4}.Release|iPhoneSimulator.ActiveCfg = Release|Any CPU
		{B555D908-1DFA-4713-8330-30B623AF0FD4}.Release|iPhoneSimulator.Build.0 = Release|Any CPU
		{B555D908-1DFA-4713-8330-30B623AF0FD4}.Release|x64.ActiveCfg = Release|Any CPU
		{B555D908-1DFA-4713-8330-30B623AF0FD4}.Release|x64.Build.0 = Release|Any CPU
		{B555D908-1DFA-4713-8330-30B623AF0FD4}.Release|x86.ActiveCfg = Release|Any CPU
		{B555D908-1DFA-4713-8330-30B623AF0FD4}.Release|x86.Build.0 = Release|Any CPU
		{13D278C0-3759-45FF-97C9-CB509562DE2D}.Ad-Hoc|Any CPU.ActiveCfg = Release|x86
		{13D278C0-3759-45FF-97C9-CB509562DE2D}.Ad-Hoc|Any CPU.Build.0 = Release|x86
		{13D278C0-3759-45FF-97C9-CB509562DE2D}.Ad-Hoc|Any CPU.Deploy.0 = Release|x86
		{13D278C0-3759-45FF-97C9-CB509562DE2D}.Ad-Hoc|ARM.ActiveCfg = Release|ARM
		{13D278C0-3759-45FF-97C9-CB509562DE2D}.Ad-Hoc|ARM.Build.0 = Release|ARM
		{13D278C0-3759-45FF-97C9-CB509562DE2D}.Ad-Hoc|ARM.Deploy.0 = Release|ARM
		{13D278C0-3759-45FF-97C9-CB509562DE2D}.Ad-Hoc|iPhone.ActiveCfg = Release|x86
		{13D278C0-3759-45FF-97C9-CB509562DE2D}.Ad-Hoc|iPhone.Build.0 = Release|x86
		{13D278C0-3759-45FF-97C9-CB509562DE2D}.Ad-Hoc|iPhone.Deploy.0 = Release|x86
		{13D278C0-3759-45FF-97C9-CB509562DE2D}.Ad-Hoc|iPhoneSimulator.ActiveCfg = Release|x86
		{13D278C0-3759-45FF-97C9-CB509562DE2D}.Ad-Hoc|iPhoneSimulator.Build.0 = Release|x86
		{13D278C0-3759-45FF-97C9-CB509562DE2D}.Ad-Hoc|iPhoneSimulator.Deploy.0 = Release|x86
		{13D278C0-3759-45FF-97C9-CB509562DE2D}.Ad-Hoc|x64.ActiveCfg = Release|x64
		{13D278C0-3759-45FF-97C9-CB509562DE2D}.Ad-Hoc|x64.Build.0 = Release|x64
		{13D278C0-3759-45FF-97C9-CB509562DE2D}.Ad-Hoc|x64.Deploy.0 = Release|x64
		{13D278C0-3759-45FF-97C9-CB509562DE2D}.Ad-Hoc|x86.ActiveCfg = Release|x86
		{13D278C0-3759-45FF-97C9-CB509562DE2D}.Ad-Hoc|x86.Build.0 = Release|x86
		{13D278C0-3759-45FF-97C9-CB509562DE2D}.Ad-Hoc|x86.Deploy.0 = Release|x86
		{13D278C0-3759-45FF-97C9-CB509562DE2D}.AppStore|Any CPU.ActiveCfg = Release|x86
		{13D278C0-3759-45FF-97C9-CB509562DE2D}.AppStore|Any CPU.Build.0 = Release|x86
		{13D278C0-3759-45FF-97C9-CB509562DE2D}.AppStore|Any CPU.Deploy.0 = Release|x86
		{13D278C0-3759-45FF-97C9-CB509562DE2D}.AppStore|ARM.ActiveCfg = Release|ARM
		{13D278C0-3759-45FF-97C9-CB509562DE2D}.AppStore|ARM.Build.0 = Release|ARM
		{13D278C0-3759-45FF-97C9-CB509562DE2D}.AppStore|ARM.Deploy.0 = Release|ARM
		{13D278C0-3759-45FF-97C9-CB509562DE2D}.AppStore|iPhone.ActiveCfg = Release|x86
		{13D278C0-3759-45FF-97C9-CB509562DE2D}.AppStore|iPhone.Build.0 = Release|x86
		{13D278C0-3759-45FF-97C9-CB509562DE2D}.AppStore|iPhone.Deploy.0 = Release|x86
		{13D278C0-3759-45FF-97C9-CB509562DE2D}.AppStore|iPhoneSimulator.ActiveCfg = Release|x86
		{13D278C0-3759-45FF-97C9-CB509562DE2D}.AppStore|iPhoneSimulator.Build.0 = Release|x86
		{13D278C0-3759-45FF-97C9-CB509562DE2D}.AppStore|iPhoneSimulator.Deploy.0 = Release|x86
		{13D278C0-3759-45FF-97C9-CB509562DE2D}.AppStore|x64.ActiveCfg = Release|x64
		{13D278C0-3759-45FF-97C9-CB509562DE2D}.AppStore|x64.Build.0 = Release|x64
		{13D278C0-3759-45FF-97C9-CB509562DE2D}.AppStore|x64.Deploy.0 = Release|x64
		{13D278C0-3759-45FF-97C9-CB509562DE2D}.AppStore|x86.ActiveCfg = Release|x86
		{13D278C0-3759-45FF-97C9-CB509562DE2D}.AppStore|x86.Build.0 = Release|x86
		{13D278C0-3759-45FF-97C9-CB509562DE2D}.AppStore|x86.Deploy.0 = Release|x86
		{13D278C0-3759-45FF-97C9-CB509562DE2D}.Debug|Any CPU.ActiveCfg = Debug|x86
		{13D278C0-3759-45FF-97C9-CB509562DE2D}.Debug|ARM.ActiveCfg = Debug|ARM
		{13D278C0-3759-45FF-97C9-CB509562DE2D}.Debug|ARM.Build.0 = Debug|ARM
		{13D278C0-3759-45FF-97C9-CB509562DE2D}.Debug|ARM.Deploy.0 = Debug|ARM
		{13D278C0-3759-45FF-97C9-CB509562DE2D}.Debug|iPhone.ActiveCfg = Debug|x86
		{13D278C0-3759-45FF-97C9-CB509562DE2D}.Debug|iPhoneSimulator.ActiveCfg = Debug|x86
		{13D278C0-3759-45FF-97C9-CB509562DE2D}.Debug|x64.ActiveCfg = Debug|x64
		{13D278C0-3759-45FF-97C9-CB509562DE2D}.Debug|x64.Build.0 = Debug|x64
		{13D278C0-3759-45FF-97C9-CB509562DE2D}.Debug|x64.Deploy.0 = Debug|x64
		{13D278C0-3759-45FF-97C9-CB509562DE2D}.Debug|x86.ActiveCfg = Debug|x86
		{13D278C0-3759-45FF-97C9-CB509562DE2D}.Debug|x86.Build.0 = Debug|x86
		{13D278C0-3759-45FF-97C9-CB509562DE2D}.Debug|x86.Deploy.0 = Debug|x86
		{13D278C0-3759-45FF-97C9-CB509562DE2D}.Release|Any CPU.ActiveCfg = Release|x86
		{13D278C0-3759-45FF-97C9-CB509562DE2D}.Release|ARM.ActiveCfg = Release|ARM
		{13D278C0-3759-45FF-97C9-CB509562DE2D}.Release|ARM.Build.0 = Release|ARM
		{13D278C0-3759-45FF-97C9-CB509562DE2D}.Release|ARM.Deploy.0 = Release|ARM
		{13D278C0-3759-45FF-97C9-CB509562DE2D}.Release|iPhone.ActiveCfg = Release|x86
		{13D278C0-3759-45FF-97C9-CB509562DE2D}.Release|iPhoneSimulator.ActiveCfg = Release|x86
		{13D278C0-3759-45FF-97C9-CB509562DE2D}.Release|x64.ActiveCfg = Release|x64
		{13D278C0-3759-45FF-97C9-CB509562DE2D}.Release|x64.Build.0 = Release|x64
		{13D278C0-3759-45FF-97C9-CB509562DE2D}.Release|x64.Deploy.0 = Release|x64
		{13D278C0-3759-45FF-97C9-CB509562DE2D}.Release|x86.ActiveCfg = Release|x86
		{13D278C0-3759-45FF-97C9-CB509562DE2D}.Release|x86.Build.0 = Release|x86
		{13D278C0-3759-45FF-97C9-CB509562DE2D}.Release|x86.Deploy.0 = Release|x86
		{B48A8B9D-1CD5-470D-9C68-14DFBFCCD345}.Ad-Hoc|Any CPU.ActiveCfg = Ad-Hoc|iPhone
		{B48A8B9D-1CD5-470D-9C68-14DFBFCCD345}.Ad-Hoc|ARM.ActiveCfg = Ad-Hoc|iPhone
		{B48A8B9D-1CD5-470D-9C68-14DFBFCCD345}.Ad-Hoc|iPhone.ActiveCfg = Ad-Hoc|iPhone
		{B48A8B9D-1CD5-470D-9C68-14DFBFCCD345}.Ad-Hoc|iPhone.Build.0 = Ad-Hoc|iPhone
		{B48A8B9D-1CD5-470D-9C68-14DFBFCCD345}.Ad-Hoc|iPhoneSimulator.ActiveCfg = Ad-Hoc|iPhoneSimulator
		{B48A8B9D-1CD5-470D-9C68-14DFBFCCD345}.Ad-Hoc|iPhoneSimulator.Build.0 = Ad-Hoc|iPhoneSimulator
		{B48A8B9D-1CD5-470D-9C68-14DFBFCCD345}.Ad-Hoc|x64.ActiveCfg = Ad-Hoc|iPhone
		{B48A8B9D-1CD5-470D-9C68-14DFBFCCD345}.Ad-Hoc|x86.ActiveCfg = Ad-Hoc|iPhone
		{B48A8B9D-1CD5-470D-9C68-14DFBFCCD345}.AppStore|Any CPU.ActiveCfg = AppStore|iPhone
		{B48A8B9D-1CD5-470D-9C68-14DFBFCCD345}.AppStore|ARM.ActiveCfg = AppStore|iPhone
		{B48A8B9D-1CD5-470D-9C68-14DFBFCCD345}.AppStore|iPhone.ActiveCfg = AppStore|iPhone
		{B48A8B9D-1CD5-470D-9C68-14DFBFCCD345}.AppStore|iPhone.Build.0 = AppStore|iPhone
		{B48A8B9D-1CD5-470D-9C68-14DFBFCCD345}.AppStore|iPhoneSimulator.ActiveCfg = AppStore|iPhoneSimulator
		{B48A8B9D-1CD5-470D-9C68-14DFBFCCD345}.AppStore|iPhoneSimulator.Build.0 = AppStore|iPhoneSimulator
		{B48A8B9D-1CD5-470D-9C68-14DFBFCCD345}.AppStore|x64.ActiveCfg = AppStore|iPhone
		{B48A8B9D-1CD5-470D-9C68-14DFBFCCD345}.AppStore|x86.ActiveCfg = AppStore|iPhone
		{B48A8B9D-1CD5-470D-9C68-14DFBFCCD345}.Debug|Any CPU.ActiveCfg = Debug|iPhone
		{B48A8B9D-1CD5-470D-9C68-14DFBFCCD345}.Debug|ARM.ActiveCfg = Debug|iPhone
		{B48A8B9D-1CD5-470D-9C68-14DFBFCCD345}.Debug|iPhone.ActiveCfg = Debug|iPhone
		{B48A8B9D-1CD5-470D-9C68-14DFBFCCD345}.Debug|iPhone.Build.0 = Debug|iPhone
		{B48A8B9D-1CD5-470D-9C68-14DFBFCCD345}.Debug|iPhoneSimulator.ActiveCfg = Debug|iPhoneSimulator
		{B48A8B9D-1CD5-470D-9C68-14DFBFCCD345}.Debug|iPhoneSimulator.Build.0 = Debug|iPhoneSimulator
		{B48A8B9D-1CD5-470D-9C68-14DFBFCCD345}.Debug|x64.ActiveCfg = Debug|iPhone
		{B48A8B9D-1CD5-470D-9C68-14DFBFCCD345}.Debug|x86.ActiveCfg = Debug|iPhone
		{B48A8B9D-1CD5-470D-9C68-14DFBFCCD345}.Release|Any CPU.ActiveCfg = Release|iPhone
		{B48A8B9D-1CD5-470D-9C68-14DFBFCCD345}.Release|ARM.ActiveCfg = Release|iPhone
		{B48A8B9D-1CD5-470D-9C68-14DFBFCCD345}.Release|iPhone.ActiveCfg = Release|iPhone
		{B48A8B9D-1CD5-470D-9C68-14DFBFCCD345}.Release|iPhone.Build.0 = Release|iPhone
		{B48A8B9D-1CD5-470D-9C68-14DFBFCCD345}.Release|iPhoneSimulator.ActiveCfg = Release|iPhoneSimulator
		{B48A8B9D-1CD5-470D-9C68-14DFBFCCD345}.Release|iPhoneSimulator.Build.0 = Release|iPhoneSimulator
		{B48A8B9D-1CD5-470D-9C68-14DFBFCCD345}.Release|x64.ActiveCfg = Release|iPhone
		{B48A8B9D-1CD5-470D-9C68-14DFBFCCD345}.Release|x86.ActiveCfg = Release|iPhone
	EndGlobalSection
	GlobalSection(SolutionProperties) = preSolution
		HideSolutionNode = FALSE
	EndGlobalSection
	GlobalSection(ExtensibilityGlobals) = postSolution
		SolutionGuid = {2C5874B5-CB84-40D0-8385-16CFD79D0BB3}
	EndGlobalSection
EndGlobal
